
Microsoft Visual Studio Solution File, Format Version 12.00
# Visual Studio Version 16
VisualStudioVersion = 16.0.31424.327
MinimumVisualStudioVersion = 10.0.40219.1
Project("{9A19103F-16F7-4668-BE54-9A1E7A4F7556}") = "CleanArchMvc.Domain", "CleanArchMvc.Domain\CleanArchMvc.Domain.csproj", "{D7B26F35-AC75-4A1B-930C-682FD1FBC9B6}"
EndProject
Project("{9A19103F-16F7-4668-BE54-9A1E7A4F7556}") = "CleanArchMvc.Application", "CleanArchMvc.Application\CleanArchMvc.Application.csproj", "{6693FBAD-7208-4030-ACFD-EBB5D720E2E6}"
EndProject
Project("{9A19103F-16F7-4668-BE54-9A1E7A4F7556}") = "CleanArchMvc.Infra.Data", "CleanArchMvc.Infra.Data\CleanArchMvc.Infra.Data.csproj", "{BF17DCFD-A04E-48C7-BD5D-F5BB92B37EA1}"
EndProject
Project("{9A19103F-16F7-4668-BE54-9A1E7A4F7556}") = "CleanArchMvc.Infra.IoC", "CleanArchMvc.Infra.IoC\CleanArchMvc.Infra.IoC.csproj", "{919ADB84-6E4E-42CE-84F8-AE5087686A0E}"
EndProject
Project("{9A19103F-16F7-4668-BE54-9A1E7A4F7556}") = "CleanArchMvc.WebUI", "CleanArchMvc.WebUI\CleanArchMvc.WebUI.csproj", "{C5CB2695-25F0-4740-8D84-7419C10B9217}"
EndProject
Project("{FAE04EC0-301F-11D3-BF4B-00C04F79EFBC}") = "CleanArchMvc.Domain.Tests", "CleanArchMvc.Domain.Tests\CleanArchMvc.Domain.Tests.csproj", "{7533D3A8-5FEF-48C7-8D3E-9563406F1BBE}"
EndProject
Global
	GlobalSection(SolutionConfigurationPlatforms) = preSolution
		Debug|Any CPU = Debug|Any CPU
		Release|Any CPU = Release|Any CPU
	EndGlobalSection
	GlobalSection(ProjectConfigurationPlatforms) = postSolution
		{D7B26F35-AC75-4A1B-930C-682FD1FBC9B6}.Debug|Any CPU.ActiveCfg = Debug|Any CPU
		{D7B26F35-AC75-4A1B-930C-682FD1FBC9B6}.Debug|Any CPU.Build.0 = Debug|Any CPU
		{D7B26F35-AC75-4A1B-930C-682FD1FBC9B6}.Release|Any CPU.ActiveCfg = Release|Any CPU
		{D7B26F35-AC75-4A1B-930C-682FD1FBC9B6}.Release|Any CPU.Build.0 = Release|Any CPU
		{6693FBAD-7208-4030-ACFD-EBB5D720E2E6}.Debug|Any CPU.ActiveCfg = Debug|Any CPU
		{6693FBAD-7208-4030-ACFD-EBB5D720E2E6}.Debug|Any CPU.Build.0 = Debug|Any CPU
		{6693FBAD-7208-4030-ACFD-EBB5D720E2E6}.Release|Any CPU.ActiveCfg = Release|Any CPU
		{6693FBAD-7208-4030-ACFD-EBB5D720E2E6}.Release|Any CPU.Build.0 = Release|Any CPU
		{BF17DCFD-A04E-48C7-BD5D-F5BB92B37EA1}.Debug|Any CPU.ActiveCfg = Debug|Any CPU
		{BF17DCFD-A04E-48C7-BD5D-F5BB92B37EA1}.Debug|Any CPU.Build.0 = Debug|Any CPU
		{BF17DCFD-A04E-48C7-BD5D-F5BB92B37EA1}.Release|Any CPU.ActiveCfg = Release|Any CPU
		{BF17DCFD-A04E-48C7-BD5D-F5BB92B37EA1}.Release|Any CPU.Build.0 = Release|Any CPU
		{919ADB84-6E4E-42CE-84F8-AE5087686A0E}.Debug|Any CPU.ActiveCfg = Debug|Any CPU
		{919ADB84-6E4E-42CE-84F8-AE5087686A0E}.Debug|Any CPU.Build.0 = Debug|Any CPU
		{919ADB84-6E4E-42CE-84F8-AE5087686A0E}.Release|Any CPU.ActiveCfg = Release|Any CPU
		{919ADB84-6E4E-42CE-84F8-AE5087686A0E}.Release|Any CPU.Build.0 = Release|Any CPU
		{C5CB2695-25F0-4740-8D84-7419C10B9217}.Debug|Any CPU.ActiveCfg = Debug|Any CPU
		{C5CB2695-25F0-4740-8D84-7419C10B9217}.Debug|Any CPU.Build.0 = Debug|Any CPU
		{C5CB2695-25F0-4740-8D84-7419C10B9217}.Release|Any CPU.ActiveCfg = Release|Any CPU
		{C5CB2695-25F0-4740-8D84-7419C10B9217}.Release|Any CPU.Build.0 = Release|Any CPU
		{7533D3A8-5FEF-48C7-8D3E-9563406F1BBE}.Debug|Any CPU.ActiveCfg = Debug|Any CPU
		{7533D3A8-5FEF-48C7-8D3E-9563406F1BBE}.Debug|Any CPU.Build.0 = Debug|Any CPU
		{7533D3A8-5FEF-48C7-8D3E-9563406F1BBE}.Release|Any CPU.ActiveCfg = Release|Any CPU
		{7533D3A8-5FEF-48C7-8D3E-9563406F1BBE}.Release|Any CPU.Build.0 = Release|Any CPU
	EndGlobalSection
	GlobalSection(SolutionProperties) = preSolution
		HideSolutionNode = FALSE
	EndGlobalSection
	GlobalSection(ExtensibilityGlobals) = postSolution
		SolutionGuid = {D86321D3-8297-4B0F-9D8B-DA792D6F5281}
	EndGlobalSection
EndGlobal
